github.com/creack/pty v1.1.9 h1:uDmaGzcdjhF4i/plgjmEsriH11Y0o7RKapEf/LDaM3w=
github.com/creack/pty v1.1.9/go.mod h1:oKZEueFk5CKHvIhNR5MUki03XCEU+Q6VDXinZuGJ33E=
golang.org/x/sys v0.0.0-20200321134203-328b4cd54aae h1:3tcmuaB7wwSZtelmiv479UjUB+vviwABz7a133ZwOKQ=
golang.org/x/sys v0.0.0-20200321134203-328b4cd54aae/go.mod h1:h1NjWce9XRLGQEsW7wpKNCjG9DtNlClVuFLEZdDNbEs=
